
Microsoft Visual Studio Solution File, Format Version 12.00
# Visual Studio Version 16
VisualStudioVersion = 16.0.30611.23
MinimumVisualStudioVersion = 10.0.40219.1
Project("{FAE04EC0-301F-11D3-BF4B-00C04F79EFBC}") = "LogViewer3", "LogViewer3.csproj", "{A17F06A2-5297-4DAB-9FE4-C58220C4F8B9}"
EndProject
Global
	GlobalSection(SolutionConfigurationPlatforms) = preSolution
		Debug|Any CPU = Debug|Any CPU
		Release|Any CPU = Release|Any CPU
	EndGlobalSection
	GlobalSection(ProjectConfigurationPlatforms) = postSolution
		{A17F06A2-5297-4DAB-9FE4-C58220C4F8B9}.Debug|Any CPU.ActiveCfg = Debug|Any CPU
		{A17F06A2-5297-4DAB-9FE4-C58220C4F8B9}.Debug|Any CPU.Build.0 = Debug|Any CPU
		{A17F06A2-5297-4DAB-9FE4-C58220C4F8B9}.Release|Any CPU.ActiveCfg = Release|Any CPU
		{A17F06A2-5297-4DAB-9FE4-C58220C4F8B9}.Release|Any CPU.Build.0 = Release|Any CPU
	EndGlobalSection
	GlobalSection(SolutionProperties) = preSolution
		HideSolutionNode = FALSE
	EndGlobalSection
	GlobalSection(ExtensibilityGlobals) = postSolution
		SolutionGuid = {CA38659F-29B0-4861-B8AC-B2595F8649C0}
	EndGlobalSection
EndGlobal
